
Microsoft Visual Studio Solution File, Format Version 12.00
# Visual Studio 2013
VisualStudioVersion = 12.0.21005.1
MinimumVisualStudioVersion = 10.0.40219.1
Project("{FAE04EC0-301F-11D3-BF4B-00C04F79EFBC}") = "MvcEmployee", "MvcEmployee\MvcEmployee.csproj", "{8959718E-C7D0-48E7-AE34-9F12CEB4A784}"
EndProject
Project("{FAE04EC0-301F-11D3-BF4B-00C04F79EFBC}") = "MvcEmployee.Tests", "MvcEmployee.Tests\MvcEmployee.Tests.csproj", "{E5EAD637-063D-497F-BA82-326D424C9555}"
EndProject
Global
	GlobalSection(SolutionConfigurationPlatforms) = preSolution
		Debug|Any CPU = Debug|Any CPU
		Release|Any CPU = Release|Any CPU
	EndGlobalSection
	GlobalSection(ProjectConfigurationPlatforms) = postSolution
		{8959718E-C7D0-48E7-AE34-9F12CEB4A784}.Debug|Any CPU.ActiveCfg = Debug|Any CPU
		{8959718E-C7D0-48E7-AE34-9F12CEB4A784}.Debug|Any CPU.Build.0 = Debug|Any CPU
		{8959718E-C7D0-48E7-AE34-9F12CEB4A784}.Release|Any CPU.ActiveCfg = Release|Any CPU
		{8959718E-C7D0-48E7-AE34-9F12CEB4A784}.Release|Any CPU.Build.0 = Release|Any CPU
		{E5EAD637-063D-497F-BA82-326D424C9555}.Debug|Any CPU.ActiveCfg = Debug|Any CPU
		{E5EAD637-063D-497F-BA82-326D424C9555}.Debug|Any CPU.Build.0 = Debug|Any CPU
		{E5EAD637-063D-497F-BA82-326D424C9555}.Release|Any CPU.ActiveCfg = Release|Any CPU
		{E5EAD637-063D-497F-BA82-326D424C9555}.Release|Any CPU.Build.0 = Release|Any CPU
	EndGlobalSection
	GlobalSection(SolutionProperties) = preSolution
		HideSolutionNode = FALSE
	EndGlobalSection
EndGlobal
